{
    "_meta": {
        "hash": {
            "sha256": "08fdad2389d003e5060c88bbf90bf4e89506e6c2303cea6e021c49d1d2a0d168"
        },
        "pipfile-spec": 6,
        "requires": {
            "python_version": "3.8"
        },
        "sources": [
            {
                "name": "pypi",
                "url": "https://pypi.org/simple",
                "verify_ssl": true
            }
        ]
    },
    "default": {
        "dotenv": {
            "hashes": [
                "sha256:29cf74a087b31dafdb5a446b6d7e11cbce8ed2741540e2339c69fbef92c94ce9"
            ],
            "index": "pypi",
            "version": "==0.9.9"
        },
        "python-dotenv": {
            "hashes": [
                "sha256:e324ee90a023d808f1959c46bcbc04446a10ced277783dc6ee09987c37ec10ca",
                "sha256:f7b63ef50f1b690dddf550d03497b66d609393b40b564ed0d674909a68ebf16a"
            ],
            "markers": "python_version >= '3.8'",
            "version": "==1.0.1"
        }
    },
    "develop": {}
}
